// !$*UTF8*$!
{
	archiveVersion = 1;
	classes = {
	};
	objectVersion = 51;
	objects = {

/* Begin PBXBuildFile section */
		874A947CF93836FE2C1CFB26 /* Pods_Blockers.framework in Frameworks */ = {isa = PBXBuildFile; fileRef = 31C3B010D3B10B22669FB2A0 /* Pods_Blockers.framework */; };
		F911F5A92608FB3A0053B0E6 /* AppDelegate.swift in Sources */ = {isa = PBXBuildFile; fileRef = F911F5A82608FB3A0053B0E6 /* AppDelegate.swift */; };
		F911F5AB2608FB3A0053B0E6 /* SceneDelegate.swift in Sources */ = {isa = PBXBuildFile; fileRef = F911F5AA2608FB3A0053B0E6 /* SceneDelegate.swift */; };
		F911F5AD2608FB3A0053B0E6 /* ViewController.swift in Sources */ = {isa = PBXBuildFile; fileRef = F911F5AC2608FB3A0053B0E6 /* ViewController.swift */; };
		F911F5B02608FB3A0053B0E6 /* Main.storyboard in Resources */ = {isa = PBXBuildFile; fileRef = F911F5AE2608FB3A0053B0E6 /* Main.storyboard */; };
		F911F5B22608FB450053B0E6 /* Assets.xcassets in Resources */ = {isa = PBXBuildFile; fileRef = F911F5B12608FB450053B0E6 /* Assets.xcassets */; };
		F93A26C52654525300A49F00 /* PostViewController.swift in Sources */ = {isa = PBXBuildFile; fileRef = F93A26C42654525300A49F00 /* PostViewController.swift */; };
		F96167C02651B43D00E76045 /* ImgResize.swift in Sources */ = {isa = PBXBuildFile; fileRef = F96167BF2651B43D00E76045 /* ImgResize.swift */; };
		F96167C62652C67C00E76045 /* AnswerViewController.swift in Sources */ = {isa = PBXBuildFile; fileRef = F96167C52652C67C00E76045 /* AnswerViewController.swift */; };
		F96167CA2652E9FD00E76045 /* AnswerModel.swift in Sources */ = {isa = PBXBuildFile; fileRef = F96167C92652E9FD00E76045 /* AnswerModel.swift */; };
		F96167D12653201C00E76045 /* AnswerPost.swift in Sources */ = {isa = PBXBuildFile; fileRef = F96167D02653201C00E76045 /* AnswerPost.swift */; };
		F965B4E52659050F00EC0709 /* ProfileViewController.swift in Sources */ = {isa = PBXBuildFile; fileRef = F965B4E42659050F00EC0709 /* ProfileViewController.swift */; };
		F965B4E82659085100EC0709 /* LoginViewController.swift in Sources */ = {isa = PBXBuildFile; fileRef = F965B4E72659085100EC0709 /* LoginViewController.swift */; };
		F966536C2677D56B000740D3 /* SignupViewController.swift in Sources */ = {isa = PBXBuildFile; fileRef = F966536B2677D56B000740D3 /* SignupViewController.swift */; };
		F966536F2677FCE0000740D3 /* ResetViewController.swift in Sources */ = {isa = PBXBuildFile; fileRef = F966536E2677FCE0000740D3 /* ResetViewController.swift */; };
		F9785D06265047BC00ECDD17 /* Uiview+autoLayout.swift in Sources */ = {isa = PBXBuildFile; fileRef = F9785D05265047BC00ECDD17 /* Uiview+autoLayout.swift */; };
		F9785D0A265064D000ECDD17 /* GetPostModel.swift in Sources */ = {isa = PBXBuildFile; fileRef = F9785D09265064D000ECDD17 /* GetPostModel.swift */; };
		F9D1CA7F264E5F3D00E01DEC /* HomeView.swift in Sources */ = {isa = PBXBuildFile; fileRef = F9D1CA7D264E5F3D00E01DEC /* HomeView.swift */; };
		F9F26D672650A58B000D5A17 /* MyCell.swift in Sources */ = {isa = PBXBuildFile; fileRef = F9F26D652650A58B000D5A17 /* MyCell.swift */; };
		F9F26D682650A58B000D5A17 /* MyCell.xib in Resources */ = {isa = PBXBuildFile; fileRef = F9F26D662650A58B000D5A17 /* MyCell.xib */; };
/* End PBXBuildFile section */

/* Begin PBXFileReference section */
		0F4478562725FEE242F5417E /* Pods-Blockers.release.xcconfig */ = {isa = PBXFileReference; includeInIndex = 1; lastKnownFileType = text.xcconfig; name = "Pods-Blockers.release.xcconfig"; path = "Target Support Files/Pods-Blockers/Pods-Blockers.release.xcconfig"; sourceTree = "<group>"; };
		31C3B010D3B10B22669FB2A0 /* Pods_Blockers.framework */ = {isa = PBXFileReference; explicitFileType = wrapper.framework; includeInIndex = 0; path = Pods_Blockers.framework; sourceTree = BUILT_PRODUCTS_DIR; };
		F0E171E823A8A7078BD72A6D /* Pods-Blockers.debug.xcconfig */ = {isa = PBXFileReference; includeInIndex = 1; lastKnownFileType = text.xcconfig; name = "Pods-Blockers.debug.xcconfig"; path = "Target Support Files/Pods-Blockers/Pods-Blockers.debug.xcconfig"; sourceTree = "<group>"; };
		F911F5A52608FB3A0053B0E6 /* Blockers.app */ = {isa = PBXFileReference; explicitFileType = wrapper.application; includeInIndex = 0; path = Blockers.app; sourceTree = BUILT_PRODUCTS_DIR; };
		F911F5A82608FB3A0053B0E6 /* AppDelegate.swift */ = {isa = PBXFileReference; lastKnownFileType = sourcecode.swift; path = AppDelegate.swift; sourceTree = "<group>"; };
		F911F5AA2608FB3A0053B0E6 /* SceneDelegate.swift */ = {isa = PBXFileReference; lastKnownFileType = sourcecode.swift; path = SceneDelegate.swift; sourceTree = "<group>"; };
		F911F5AC2608FB3A0053B0E6 /* ViewController.swift */ = {isa = PBXFileReference; lastKnownFileType = sourcecode.swift; path = ViewController.swift; sourceTree = "<group>"; };
		F911F5AF2608FB3A0053B0E6 /* Base */ = {isa = PBXFileReference; lastKnownFileType = file.storyboard; name = Base; path = Base.lproj/Main.storyboard; sourceTree = "<group>"; };
		F911F5B12608FB450053B0E6 /* Assets.xcassets */ = {isa = PBXFileReference; lastKnownFileType = folder.assetcatalog; path = Assets.xcassets; sourceTree = "<group>"; };
		F911F5B62608FB450053B0E6 /* Info.plist */ = {isa = PBXFileReference; lastKnownFileType = text.plist.xml; path = Info.plist; sourceTree = "<group>"; };
		F93A26C42654525300A49F00 /* PostViewController.swift */ = {isa = PBXFileReference; lastKnownFileType = sourcecode.swift; path = PostViewController.swift; sourceTree = "<group>"; };
		F96167BF2651B43D00E76045 /* ImgResize.swift */ = {isa = PBXFileReference; lastKnownFileType = sourcecode.swift; path = ImgResize.swift; sourceTree = "<group>"; };
		F96167C52652C67C00E76045 /* AnswerViewController.swift */ = {isa = PBXFileReference; lastKnownFileType = sourcecode.swift; path = AnswerViewController.swift; sourceTree = "<group>"; };
		F96167C92652E9FD00E76045 /* AnswerModel.swift */ = {isa = PBXFileReference; lastKnownFileType = sourcecode.swift; path = AnswerModel.swift; sourceTree = "<group>"; };
		F96167D02653201C00E76045 /* AnswerPost.swift */ = {isa = PBXFileReference; lastKnownFileType = sourcecode.swift; path = AnswerPost.swift; sourceTree = "<group>"; };
		F965B4E42659050F00EC0709 /* ProfileViewController.swift */ = {isa = PBXFileReference; lastKnownFileType = sourcecode.swift; path = ProfileViewController.swift; sourceTree = "<group>"; };
		F965B4E72659085100EC0709 /* LoginViewController.swift */ = {isa = PBXFileReference; lastKnownFileType = sourcecode.swift; path = LoginViewController.swift; sourceTree = "<group>"; };
		F966536B2677D56B000740D3 /* SignupViewController.swift */ = {isa = PBXFileReference; lastKnownFileType = sourcecode.swift; name = SignupViewController.swift; path = Blockers/VC/profile/SignupViewController.swift; sourceTree = SOURCE_ROOT; };
		F966536E2677FCE0000740D3 /* ResetViewController.swift */ = {isa = PBXFileReference; lastKnownFileType = sourcecode.swift; path = ResetViewController.swift; sourceTree = "<group>"; };
		F9785D05265047BC00ECDD17 /* Uiview+autoLayout.swift */ = {isa = PBXFileReference; lastKnownFileType = sourcecode.swift; path = "Uiview+autoLayout.swift"; sourceTree = "<group>"; };
		F9785D09265064D000ECDD17 /* GetPostModel.swift */ = {isa = PBXFileReference; lastKnownFileType = sourcecode.swift; path = GetPostModel.swift; sourceTree = "<group>"; };
		F9D1CA7D264E5F3D00E01DEC /* HomeView.swift */ = {isa = PBXFileReference; lastKnownFileType = sourcecode.swift; path = HomeView.swift; sourceTree = "<group>"; };
		F9F26D652650A58B000D5A17 /* MyCell.swift */ = {isa = PBXFileReference; lastKnownFileType = sourcecode.swift; path = MyCell.swift; sourceTree = "<group>"; };
		F9F26D662650A58B000D5A17 /* MyCell.xib */ = {isa = PBXFileReference; lastKnownFileType = file.xib; path = MyCell.xib; sourceTree = "<group>"; };
/* End PBXFileReference section */

/* Begin PBXFrameworksBuildPhase section */
		F911F5A22608FB390053B0E6 /* Frameworks */ = {
			isa = PBXFrameworksBuildPhase;
			buildActionMask = 2147483647;
			files = (
				874A947CF93836FE2C1CFB26 /* Pods_Blockers.framework in Frameworks */,
			);
			runOnlyForDeploymentPostprocessing = 0;
		};
/* End PBXFrameworksBuildPhase section */

/* Begin PBXGroup section */
		033567CC30FE619D632638FF /* Frameworks */ = {
			isa = PBXGroup;
			children = (
				31C3B010D3B10B22669FB2A0 /* Pods_Blockers.framework */,
			);
			name = Frameworks;
			sourceTree = "<group>";
		};
		E20A66FB5FB6854BB656AC5A /* Pods */ = {
			isa = PBXGroup;
			children = (
				F0E171E823A8A7078BD72A6D /* Pods-Blockers.debug.xcconfig */,
				0F4478562725FEE242F5417E /* Pods-Blockers.release.xcconfig */,
			);
			path = Pods;
			sourceTree = "<group>";
		};
		F911F59C2608FB390053B0E6 = {
			isa = PBXGroup;
			children = (
				F911F5A72608FB3A0053B0E6 /* Blockers */,
				F911F5A62608FB3A0053B0E6 /* Products */,
				E20A66FB5FB6854BB656AC5A /* Pods */,
				033567CC30FE619D632638FF /* Frameworks */,
			);
			sourceTree = "<group>";
		};
		F911F5A62608FB3A0053B0E6 /* Products */ = {
			isa = PBXGroup;
			children = (
				F911F5A52608FB3A0053B0E6 /* Blockers.app */,
			);
			name = Products;
			sourceTree = "<group>";
		};
		F911F5A72608FB3A0053B0E6 /* Blockers */ = {
			isa = PBXGroup;
			children = (
				F9785D08265064AD00ECDD17 /* Model */,
				F9D1CA6E264E5BDC00E01DEC /* VC */,
				F911F5A82608FB3A0053B0E6 /* AppDelegate.swift */,
				F911F5AA2608FB3A0053B0E6 /* SceneDelegate.swift */,
				F911F5AC2608FB3A0053B0E6 /* ViewController.swift */,
				F911F5AE2608FB3A0053B0E6 /* Main.storyboard */,
				F911F5B12608FB450053B0E6 /* Assets.xcassets */,
				F911F5B62608FB450053B0E6 /* Info.plist */,
				F9785D05265047BC00ECDD17 /* Uiview+autoLayout.swift */,
				F9F26D652650A58B000D5A17 /* MyCell.swift */,
				F9F26D662650A58B000D5A17 /* MyCell.xib */,
				F96167BF2651B43D00E76045 /* ImgResize.swift */,
			);
			path = Blockers;
			sourceTree = "<group>";
		};
		F95E6DA6267E5AA800A304CC /* home */ = {
			isa = PBXGroup;
			children = (
				F9D1CA7D264E5F3D00E01DEC /* HomeView.swift */,
				F96167C52652C67C00E76045 /* AnswerViewController.swift */,
				F96167D02653201C00E76045 /* AnswerPost.swift */,
			);
			path = home;
			sourceTree = "<group>";
		};
		F95E6DA7267E5AD600A304CC /* post */ = {
			isa = PBXGroup;
			children = (
				F93A26C42654525300A49F00 /* PostViewController.swift */,
			);
			path = post;
			sourceTree = "<group>";
		};
		F95E6DA9267E5AEC00A304CC /* profile */ = {
			isa = PBXGroup;
			children = (
				F966536B2677D56B000740D3 /* SignupViewController.swift */,
				F966536E2677FCE0000740D3 /* ResetViewController.swift */,
				F965B4E72659085100EC0709 /* LoginViewController.swift */,
				F965B4E42659050F00EC0709 /* ProfileViewController.swift */,
			);
			path = profile;
			sourceTree = "<group>";
		};
		F9785D08265064AD00ECDD17 /* Model */ = {
			isa = PBXGroup;
			children = (
				F9785D09265064D000ECDD17 /* GetPostModel.swift */,
				F96167C92652E9FD00E76045 /* AnswerModel.swift */,
			);
			path = Model;
			sourceTree = "<group>";
		};
		F9D1CA6E264E5BDC00E01DEC /* VC */ = {
			isa = PBXGroup;
			children = (
				F95E6DA9267E5AEC00A304CC /* profile */,
				F95E6DA7267E5AD600A304CC /* post */,
				F95E6DA6267E5AA800A304CC /* home */,
			);
			path = VC;
			sourceTree = "<group>";
		};
/* End PBXGroup section */

/* Begin PBXNativeTarget section */
		F911F5A42608FB390053B0E6 /* Blockers */ = {
			isa = PBXNativeTarget;
			buildConfigurationList = F911F5B92608FB450053B0E6 /* Build configuration list for PBXNativeTarget "Blockers" */;
			buildPhases = (
				8EDB279BA5AB253E7087E562 /* [CP] Check Pods Manifest.lock */,
				F911F5A12608FB390053B0E6 /* Sources */,
				F911F5A22608FB390053B0E6 /* Frameworks */,
				F911F5A32608FB390053B0E6 /* Resources */,
				95C568253D66683BDA31A242 /* [CP] Embed Pods Frameworks */,
			);
			buildRules = (
			);
			dependencies = (
			);
			name = Blockers;
			productName = Blockers;
			productReference = F911F5A52608FB3A0053B0E6 /* Blockers.app */;
			productType = "com.apple.product-type.application";
		};
/* End PBXNativeTarget section */

/* Begin PBXProject section */
		F911F59D2608FB390053B0E6 /* Project object */ = {
			isa = PBXProject;
			attributes = {
				LastSwiftUpdateCheck = 1240;
				LastUpgradeCheck = 1240;
				TargetAttributes = {
					F911F5A42608FB390053B0E6 = {
						CreatedOnToolsVersion = 12.4;
					};
				};
			};
			buildConfigurationList = F911F5A02608FB390053B0E6 /* Build configuration list for PBXProject "Blockers" */;
			compatibilityVersion = "Xcode 9.3";
			developmentRegion = en;
			hasScannedForEncodings = 0;
			knownRegions = (
				en,
				Base,
			);
			mainGroup = F911F59C2608FB390053B0E6;
			productRefGroup = F911F5A62608FB3A0053B0E6 /* Products */;
			projectDirPath = "";
			projectRoot = "";
			targets = (
				F911F5A42608FB390053B0E6 /* Blockers */,
			);
		};
/* End PBXProject section */

/* Begin PBXResourcesBuildPhase section */
		F911F5A32608FB390053B0E6 /* Resources */ = {
			isa = PBXResourcesBuildPhase;
			buildActionMask = 2147483647;
			files = (
				F911F5B22608FB450053B0E6 /* Assets.xcassets in Resources */,
				F9F26D682650A58B000D5A17 /* MyCell.xib in Resources */,
				F911F5B02608FB3A0053B0E6 /* Main.storyboard in Resources */,
			);
			runOnlyForDeploymentPostprocessing = 0;
		};
/* End PBXResourcesBuildPhase section */

/* Begin PBXShellScriptBuildPhase section */
		8EDB279BA5AB253E7087E562 /* [CP] Check Pods Manifest.lock */ = {
			isa = PBXShellScriptBuildPhase;
			buildActionMask = 2147483647;
			files = (
			);
			inputFileListPaths = (
			);
			inputPaths = (
				"${PODS_PODFILE_DIR_PATH}/Podfile.lock",
				"${PODS_ROOT}/Manifest.lock",
			);
			name = "[CP] Check Pods Manifest.lock";
			outputFileListPaths = (
			);
			outputPaths = (
				"$(DERIVED_FILE_DIR)/Pods-Blockers-checkManifestLockResult.txt",
			);
			runOnlyForDeploymentPostprocessing = 0;
			shellPath = /bin/sh;
			shellScript = "diff \"${PODS_PODFILE_DIR_PATH}/Podfile.lock\" \"${PODS_ROOT}/Manifest.lock\" > /dev/null\nif [ $? != 0 ] ; then\n    # print error to STDERR\n    echo \"error: The sandbox is not in sync with the Podfile.lock. Run 'pod install' or update your CocoaPods installation.\" >&2\n    exit 1\nfi\n# This output is used by Xcode 'outputs' to avoid re-running this script phase.\necho \"SUCCESS\" > \"${SCRIPT_OUTPUT_FILE_0}\"\n";
			showEnvVarsInLog = 0;
		};
		95C568253D66683BDA31A242 /* [CP] Embed Pods Frameworks */ = {
			isa = PBXShellScriptBuildPhase;
			buildActionMask = 2147483647;
			files = (
			);
			inputFileListPaths = (
				"${PODS_ROOT}/Target Support Files/Pods-Blockers/Pods-Blockers-frameworks-${CONFIGURATION}-input-files.xcfilelist",
			);
			name = "[CP] Embed Pods Frameworks";
			outputFileListPaths = (
				"${PODS_ROOT}/Target Support Files/Pods-Blockers/Pods-Blockers-frameworks-${CONFIGURATION}-output-files.xcfilelist",
			);
			runOnlyForDeploymentPostprocessing = 0;
			shellPath = /bin/sh;
			shellScript = "\"${PODS_ROOT}/Target Support Files/Pods-Blockers/Pods-Blockers-frameworks.sh\"\n";
			showEnvVarsInLog = 0;
		};
/* End PBXShellScriptBuildPhase section */

/* Begin PBXSourcesBuildPhase section */
		F911F5A12608FB390053B0E6 /* Sources */ = {
			isa = PBXSourcesBuildPhase;
			buildActionMask = 2147483647;
			files = (
				F965B4E82659085100EC0709 /* LoginViewController.swift in Sources */,
				F93A26C52654525300A49F00 /* PostViewController.swift in Sources */,
				F911F5AD2608FB3A0053B0E6 /* ViewController.swift in Sources */,
				F96167C02651B43D00E76045 /* ImgResize.swift in Sources */,
				F9D1CA7F264E5F3D00E01DEC /* HomeView.swift in Sources */,
				F96167C62652C67C00E76045 /* AnswerViewController.swift in Sources */,
				F966536F2677FCE0000740D3 /* ResetViewController.swift in Sources */,
				F9785D0A265064D000ECDD17 /* GetPostModel.swift in Sources */,
				F96167CA2652E9FD00E76045 /* AnswerModel.swift in Sources */,
				F911F5A92608FB3A0053B0E6 /* AppDelegate.swift in Sources */,
				F96167D12653201C00E76045 /* AnswerPost.swift in Sources */,
				F9F26D672650A58B000D5A17 /* MyCell.swift in Sources */,
				F965B4E52659050F00EC0709 /* ProfileViewController.swift in Sources */,
				F966536C2677D56B000740D3 /* SignupViewController.swift in Sources */,
				F9785D06265047BC00ECDD17 /* Uiview+autoLayout.swift in Sources */,
				F911F5AB2608FB3A0053B0E6 /* SceneDelegate.swift in Sources */,
			);
			runOnlyForDeploymentPostprocessing = 0;
		};
/* End PBXSourcesBuildPhase section */

/* Begin PBXVariantGroup section */
		F911F5AE2608FB3A0053B0E6 /* Main.storyboard */ = {
			isa = PBXVariantGroup;
			children = (
				F911F5AF2608FB3A0053B0E6 /* Base */,
			);
			name = Main.storyboard;
			sourceTree = "<group>";
		};
/* End PBXVariantGroup section */

/* Begin XCBuildConfiguration section */
		F911F5B72608FB450053B0E6 /* Debug */ = {
			isa = XCBuildConfiguration;
			buildSettings = {
				ALWAYS_SEARCH_USER_PATHS = NO;
				CLANG_ANALYZER_NONNULL = YES;
				CLANG_ANALYZER_NUMBER_OBJECT_CONVERSION = YES_AGGRESSIVE;
				CLANG_CXX_LANGUAGE_STANDARD = "gnu++14";
				CLANG_CXX_LIBRARY = "libc++";
				CLANG_ENABLE_MODULES = YES;
				CLANG_ENABLE_OBJC_ARC = YES;
				CLANG_ENABLE_OBJC_WEAK = YES;
				CLANG_WARN_BLOCK_CAPTURE_AUTORELEASING = YES;
				CLANG_WARN_BOOL_CONVERSION = YES;
				CLANG_WARN_COMMA = YES;
				CLANG_WARN_CONSTANT_CONVERSION = YES;
				CLANG_WARN_DEPRECATED_OBJC_IMPLEMENTATIONS = YES;
				CLANG_WARN_DIRECT_OBJC_ISA_USAGE = YES_ERROR;
				CLANG_WARN_DOCUMENTATION_COMMENTS = YES;
				CLANG_WARN_EMPTY_BODY = YES;
				CLANG_WARN_ENUM_CONVERSION = YES;
				CLANG_WARN_INFINITE_RECURSION = YES;
				CLANG_WARN_INT_CONVERSION = YES;
				CLANG_WARN_NON_LITERAL_NULL_CONVERSION = YES;
				CLANG_WARN_OBJC_IMPLICIT_RETAIN_SELF = YES;
				CLANG_WARN_OBJC_LITERAL_CONVERSION = YES;
				CLANG_WARN_OBJC_ROOT_CLASS = YES_ERROR;
				CLANG_WARN_QUOTED_INCLUDE_IN_FRAMEWORK_HEADER = YES;
				CLANG_WARN_RANGE_LOOP_ANALYSIS = YES;
				CLANG_WARN_STRICT_PROTOTYPES = YES;
				CLANG_WARN_SUSPICIOUS_MOVE = YES;
				CLANG_WARN_UNGUARDED_AVAILABILITY = YES_AGGRESSIVE;
				CLANG_WARN_UNREACHABLE_CODE = YES;
				CLANG_WARN__DUPLICATE_METHOD_MATCH = YES;
				COPY_PHASE_STRIP = NO;
				DEBUG_INFORMATION_FORMAT = dwarf;
				ENABLE_STRICT_OBJC_MSGSEND = YES;
				ENABLE_TESTABILITY = YES;
				GCC_C_LANGUAGE_STANDARD = gnu11;
				GCC_DYNAMIC_NO_PIC = NO;
				GCC_NO_COMMON_BLOCKS = YES;
				GCC_OPTIMIZATION_LEVEL = 0;
				GCC_PREPROCESSOR_DEFINITIONS = (
					"DEBUG=1",
					"$(inherited)",
				);
				GCC_WARN_64_TO_32_BIT_CONVERSION = YES;
				GCC_WARN_ABOUT_RETURN_TYPE = YES_ERROR;
				GCC_WARN_UNDECLARED_SELECTOR = YES;
				GCC_WARN_UNINITIALIZED_AUTOS = YES_AGGRESSIVE;
				GCC_WARN_UNUSED_FUNCTION = YES;
				GCC_WARN_UNUSED_VARIABLE = YES;
				IPHONEOS_DEPLOYMENT_TARGET = 14.4;
				MTL_ENABLE_DEBUG_INFO = INCLUDE_SOURCE;
				MTL_FAST_MATH = YES;
				ONLY_ACTIVE_ARCH = YES;
				SDKROOT = iphoneos;
				SWIFT_ACTIVE_COMPILATION_CONDITIONS = DEBUG;
				SWIFT_OPTIMIZATION_LEVEL = "-Onone";
			};
			name = Debug;
		};
		F911F5B82608FB450053B0E6 /* Release */ = {
			isa = XCBuildConfiguration;
			buildSettings = {
				ALWAYS_SEARCH_USER_PATHS = NO;
				CLANG_ANALYZER_NONNULL = YES;
				CLANG_ANALYZER_NUMBER_OBJECT_CONVERSION = YES_AGGRESSIVE;
				CLANG_CXX_LANGUAGE_STANDARD = "gnu++14";
				CLANG_CXX_LIBRARY = "libc++";
				CLANG_ENABLE_MODULES = YES;
				CLANG_ENABLE_OBJC_ARC = YES;
				CLANG_ENABLE_OBJC_WEAK = YES;
				CLANG_WARN_BLOCK_CAPTURE_AUTORELEASING = YES;
				CLANG_WARN_BOOL_CONVERSION = YES;
				CLANG_WARN_COMMA = YES;
				CLANG_WARN_CONSTANT_CONVERSION = YES;
				CLANG_WARN_DEPRECATED_OBJC_IMPLEMENTATIONS = YES;
				CLANG_WARN_DIRECT_OBJC_ISA_USAGE = YES_ERROR;
				CLANG_WARN_DOCUMENTATION_COMMENTS = YES;
				CLANG_WARN_EMPTY_BODY = YES;
				CLANG_WARN_ENUM_CONVERSION = YES;
				CLANG_WARN_INFINITE_RECURSION = YES;
				CLANG_WARN_INT_CONVERSION = YES;
				CLANG_WARN_NON_LITERAL_NULL_CONVERSION = YES;
				CLANG_WARN_OBJC_IMPLICIT_RETAIN_SELF = YES;
				CLANG_WARN_OBJC_LITERAL_CONVERSION = YES;
				CLANG_WARN_OBJC_ROOT_CLASS = YES_ERROR;
				CLANG_WARN_QUOTED_INCLUDE_IN_FRAMEWORK_HEADER = YES;
				CLANG_WARN_RANGE_LOOP_ANALYSIS = YES;
				CLANG_WARN_STRICT_PROTOTYPES = YES;
				CLANG_WARN_SUSPICIOUS_MOVE = YES;
				CLANG_WARN_UNGUARDED_AVAILABILITY = YES_AGGRESSIVE;
				CLANG_WARN_UNREACHABLE_CODE = YES;
				CLANG_WARN__DUPLICATE_METHOD_MATCH = YES;
				COPY_PHASE_STRIP = NO;
				DEBUG_INFORMATION_FORMAT = "dwarf-with-dsym";
				ENABLE_NS_ASSERTIONS = NO;
				ENABLE_STRICT_OBJC_MSGSEND = YES;
				GCC_C_LANGUAGE_STANDARD = gnu11;
				GCC_NO_COMMON_BLOCKS = YES;
				GCC_WARN_64_TO_32_BIT_CONVERSION = YES;
				GCC_WARN_ABOUT_RETURN_TYPE = YES_ERROR;
				GCC_WARN_UNDECLARED_SELECTOR = YES;
				GCC_WARN_UNINITIALIZED_AUTOS = YES_AGGRESSIVE;
				GCC_WARN_UNUSED_FUNCTION = YES;
				GCC_WARN_UNUSED_VARIABLE = YES;
				IPHONEOS_DEPLOYMENT_TARGET = 14.4;
				MTL_ENABLE_DEBUG_INFO = NO;
				MTL_FAST_MATH = YES;
				SDKROOT = iphoneos;
				SWIFT_COMPILATION_MODE = wholemodule;
				SWIFT_OPTIMIZATION_LEVEL = "-O";
				VALIDATE_PRODUCT = YES;
			};
			name = Release;
		};
		F911F5BA2608FB450053B0E6 /* Debug */ = {
			isa = XCBuildConfiguration;
			baseConfigurationReference = F0E171E823A8A7078BD72A6D /* Pods-Blockers.debug.xcconfig */;
			buildSettings = {
				ASSETCATALOG_COMPILER_APPICON_NAME = AppIcon;
				ASSETCATALOG_COMPILER_GLOBAL_ACCENT_COLOR_NAME = AccentColor;
				CODE_SIGN_STYLE = Automatic;
				INFOPLIST_FILE = Blockers/Info.plist;
				LD_RUNPATH_SEARCH_PATHS = (
					"$(inherited)",
					"@executable_path/Frameworks",
				);
				PRODUCT_BUNDLE_IDENTIFIER = rohit.Blockers;
				PRODUCT_NAME = "$(TARGET_NAME)";
				SWIFT_VERSION = 5.0;
				TARGETED_DEVICE_FAMILY = "1,2";
			};
			name = Debug;
		};
		F911F5BB2608FB450053B0E6 /* Release */ = {
			isa = XCBuildConfiguration;
			baseConfigurationReference = 0F4478562725FEE242F5417E /* Pods-Blockers.release.xcconfig */;
			buildSettings = {
				ASSETCATALOG_COMPILER_APPICON_NAME = AppIcon;
				ASSETCATALOG_COMPILER_GLOBAL_ACCENT_COLOR_NAME = AccentColor;
				CODE_SIGN_STYLE = Automatic;
				INFOPLIST_FILE = Blockers/Info.plist;
				LD_RUNPATH_SEARCH_PATHS = (
					"$(inherited)",
					"@executable_path/Frameworks",
				);
				PRODUCT_BUNDLE_IDENTIFIER = rohit.Blockers;
				PRODUCT_NAME = "$(TARGET_NAME)";
				SWIFT_VERSION = 5.0;
				TARGETED_DEVICE_FAMILY = "1,2";
			};
			name = Release;
		};
/* End XCBuildConfiguration section */

/* Begin XCConfigurationList section */
		F911F5A02608FB390053B0E6 /* Build configuration list for PBXProject "Blockers" */ = {
			isa = XCConfigurationList;
			buildConfigurations = (
				F911F5B72608FB450053B0E6 /* Debug */,
				F911F5B82608FB450053B0E6 /* Release */,
			);
			defaultConfigurationIsVisible = 0;
			defaultConfigurationName = Release;
		};
		F911F5B92608FB450053B0E6 /* Build configuration list for PBXNativeTarget "Blockers" */ = {
			isa = XCConfigurationList;
			buildConfigurations = (
				F911F5BA2608FB450053B0E6 /* Debug */,
				F911F5BB2608FB450053B0E6 /* Release */,
			);
			defaultConfigurationIsVisible = 0;
			defaultConfigurationName = Release;
		};
/* End XCConfigurationList section */
	};
	rootObject = F911F59D2608FB390053B0E6 /* Project object */;
}
